
Microsoft Visual Studio Solution File, Format Version 12.00
# Visual Studio Version 17
VisualStudioVersion = 17.8.34408.163
MinimumVisualStudioVersion = 10.0.40219.1
Project("{FAE04EC0-301F-11D3-BF4B-00C04F79EFBC}") = "Udemy1", "Udemy1\Udemy1.csproj", "{04E47112-2F8D-4393-A387-6D26A17AA8AD}"
EndProject
Global
	GlobalSection(SolutionConfigurationPlatforms) = preSolution
		Debug|Any CPU = Debug|Any CPU
		Release|Any CPU = Release|Any CPU
	EndGlobalSection
	GlobalSection(ProjectConfigurationPlatforms) = postSolution
		{04E47112-2F8D-4393-A387-6D26A17AA8AD}.Debug|Any CPU.ActiveCfg = Debug|Any CPU
		{04E47112-2F8D-4393-A387-6D26A17AA8AD}.Debug|Any CPU.Build.0 = Debug|Any CPU
		{04E47112-2F8D-4393-A387-6D26A17AA8AD}.Release|Any CPU.ActiveCfg = Release|Any CPU
		{04E47112-2F8D-4393-A387-6D26A17AA8AD}.Release|Any CPU.Build.0 = Release|Any CPU
	EndGlobalSection
	GlobalSection(SolutionProperties) = preSolution
		HideSolutionNode = FALSE
	EndGlobalSection
	GlobalSection(ExtensibilityGlobals) = postSolution
		SolutionGuid = {1C6A64B1-3354-482E-A18B-3D2FBC4436DB}
	EndGlobalSection
EndGlobal
